
{
  "name": "okx-public-api",
  "version": "1.0.15",
  "lockfileVersion": 2,
  "requires": true,
  "packages": {
    "": {
      "name": "okx-public-api",
      "version": "1.0.15",
      "license": "MIT",
      "devDependencies": {
        "@types/jest": "^28.1.4",
        "axios": "^0.27.2",
        "dotenv": "^16.0.1",
        "jest": "^28.1.2",
        "prettier": "^2.7.1",
        "ts-jest": "^28.0.5",
        "tslint": "^6.1.3",
        "tslint-config-prettier": "^1.18.0",
        "typescript": "^4.7.4"
      }
    },
    "node_modules/@ampproject/remapping": {
      "version": "2.2.0",
      "resolved": "https://registry.npmjs.org/@ampproject/remapping/-/remapping-2.2.0.tgz",
      "integrity": "sha512-qRmjj8nj9qmLTQXXmaR1cck3UXSRMPrbsLJAasZpF+t3riI71BXed5ebIOYwQntykeZuhjsdweEc9BxH5Jc26w==",
      "dev": true,
      "dependencies": {
        "@jridgewell/gen-mapping": "^0.1.0",
        "@jridgewell/trace-mapping": "^0.3.9"
      },
      "engines": {
        "node": ">=6.0.0"
      }
    },
    "node_modules/@babel/code-frame": {
      "version": "7.18.6",
      "resolved": "https://registry.npmjs.org/@babel/code-frame/-/code-frame-7.18.6.tgz",
      "integrity": "sha512-TDCmlK5eOvH+eH7cdAFlNXeVJqWIQ7gW9tY1GJIpUtFb6CmjVyq2VM3u71bOyR8CRihcCgMUYoDNyLXao3+70Q==",
      "dev": true,
      "dependencies": {
        "@babel/highlight": "^7.18.6"
      },
      "engines": {
        "node": ">=6.9.0"
      }
    },
    "node_modules/@babel/compat-data": {
      "version": "7.18.6",
      "resolved": "https://registry.npmjs.org/@babel/compat-data/-/compat-data-7.18.6.tgz",
      "integrity": "sha512-tzulrgDT0QD6U7BJ4TKVk2SDDg7wlP39P9yAx1RfLy7vP/7rsDRlWVfbWxElslu56+r7QOhB2NSDsabYYruoZQ==",
      "dev": true,
      "engines": {
        "node": ">=6.9.0"
      }
    },
    "node_modules/@babel/core": {
      "version": "7.18.6",
      "resolved": "https://registry.npmjs.org/@babel/core/-/core-7.18.6.tgz",
      "integrity": "sha512-cQbWBpxcbbs/IUredIPkHiAGULLV8iwgNRMFzvbhEXISp4f3rUUXE5+TIw6KwUWUR3DwyI6gmBRnmAtYaWehwQ==",
      "dev": true,
      "dependencies": {
        "@ampproject/remapping": "^2.1.0",
        "@babel/code-frame": "^7.18.6",
        "@babel/generator": "^7.18.6",
        "@babel/helper-compilation-targets": "^7.18.6",
        "@babel/helper-module-transforms": "^7.18.6",
        "@babel/helpers": "^7.18.6",
        "@babel/parser": "^7.18.6",
        "@babel/template": "^7.18.6",
        "@babel/traverse": "^7.18.6",
        "@babel/types": "^7.18.6",
        "convert-source-map": "^1.7.0",
        "debug": "^4.1.0",
        "gensync": "^1.0.0-beta.2",
        "json5": "^2.2.1",
        "semver": "^6.3.0"
      },
      "engines": {
        "node": ">=6.9.0"
      },
      "funding": {
        "type": "opencollective",
        "url": "https://opencollective.com/babel"
      }
    },
    "node_modules/@babel/core/node_modules/semver": {
      "version": "6.3.0",
      "resolved": "https://registry.npmjs.org/semver/-/semver-6.3.0.tgz",
      "integrity": "sha512-b39TBaTSfV6yBrapU89p5fKekE2m/NwnDocOVruQFS1/veMgdzuPcnOM34M6CwxW8jH/lxEa5rBoDeUwu5HHTw==",
      "dev": true,
      "bin": {
        "semver": "bin/semver.js"
      }
    },
    "node_modules/@babel/generator": {
      "version": "7.18.7",
      "resolved": "https://registry.npmjs.org/@babel/generator/-/generator-7.18.7.tgz",
      "integrity": "sha512-shck+7VLlY72a2w9c3zYWuE1pwOKEiQHV7GTUbSnhyl5eu3i04t30tBY82ZRWrDfo3gkakCFtevExnxbkf2a3A==",
      "dev": true,
      "dependencies": {
        "@babel/types": "^7.18.7",
        "@jridgewell/gen-mapping": "^0.3.2",
        "jsesc": "^2.5.1"
      },
      "engines": {
        "node": ">=6.9.0"
      }
    },
    "node_modules/@babel/generator/node_modules/@jridgewell/gen-mapping": {
      "version": "0.3.2",
      "resolved": "https://registry.npmjs.org/@jridgewell/gen-mapping/-/gen-mapping-0.3.2.tgz",
      "integrity": "sha512-mh65xKQAzI6iBcFzwv28KVWSmCkdRBWoOh+bYQGW3+6OZvbbN3TqMGo5hqYxQniRcH9F2VZIoJCm4pa3BPDK/A==",
      "dev": true,
      "dependencies": {
        "@jridgewell/set-array": "^1.0.1",
        "@jridgewell/sourcemap-codec": "^1.4.10",
        "@jridgewell/trace-mapping": "^0.3.9"
      },
      "engines": {
        "node": ">=6.0.0"
      }
    },
    "node_modules/@babel/helper-compilation-targets": {
      "version": "7.18.6",
      "resolved": "https://registry.npmjs.org/@babel/helper-compilation-targets/-/helper-compilation-targets-7.18.6.tgz",
      "integrity": "sha512-vFjbfhNCzqdeAtZflUFrG5YIFqGTqsctrtkZ1D/NB0mDW9TwW3GmmUepYY4G9wCET5rY5ugz4OGTcLd614IzQg==",
      "dev": true,
      "dependencies": {
        "@babel/compat-data": "^7.18.6",
        "@babel/helper-validator-option": "^7.18.6",
        "browserslist": "^4.20.2",
        "semver": "^6.3.0"
      },
      "engines": {
        "node": ">=6.9.0"
      },
      "peerDependencies": {
        "@babel/core": "^7.0.0"
      }
    },
    "node_modules/@babel/helper-compilation-targets/node_modules/semver": {
      "version": "6.3.0",
      "resolved": "https://registry.npmjs.org/semver/-/semver-6.3.0.tgz",
      "integrity": "sha512-b39TBaTSfV6yBrapU89p5fKekE2m/NwnDocOVruQFS1/veMgdzuPcnOM34M6CwxW8jH/lxEa5rBoDeUwu5HHTw==",
      "dev": true,
      "bin": {
        "semver": "bin/semver.js"
      }
    },
    "node_modules/@babel/helper-environment-visitor": {
      "version": "7.18.6",
      "resolved": "https://registry.npmjs.org/@babel/helper-environment-visitor/-/helper-environment-visitor-7.18.6.tgz",
      "integrity": "sha512-8n6gSfn2baOY+qlp+VSzsosjCVGFqWKmDF0cCWOybh52Dw3SEyoWR1KrhMJASjLwIEkkAufZ0xvr+SxLHSpy2Q==",
      "dev": true,
      "engines": {
        "node": ">=6.9.0"
      }
    },
    "node_modules/@babel/helper-function-name": {
      "version": "7.18.6",
      "resolved": "https://registry.npmjs.org/@babel/helper-function-name/-/helper-function-name-7.18.6.tgz",
      "integrity": "sha512-0mWMxV1aC97dhjCah5U5Ua7668r5ZmSC2DLfH2EZnf9c3/dHZKiFa5pRLMH5tjSl471tY6496ZWk/kjNONBxhw==",
      "dev": true,
      "dependencies": {
        "@babel/template": "^7.18.6",
        "@babel/types": "^7.18.6"
      },
      "engines": {
        "node": ">=6.9.0"
      }
    },
    "node_modules/@babel/helper-hoist-variables": {
      "version": "7.18.6",
      "resolved": "https://registry.npmjs.org/@babel/helper-hoist-variables/-/helper-hoist-variables-7.18.6.tgz",
      "integrity": "sha512-UlJQPkFqFULIcyW5sbzgbkxn2FKRgwWiRexcuaR8RNJRy8+LLveqPjwZV/bwrLZCN0eUHD/x8D0heK1ozuoo6Q==",
      "dev": true,
      "dependencies": {
        "@babel/types": "^7.18.6"
      },
      "engines": {
        "node": ">=6.9.0"
      }
    },
    "node_modules/@babel/helper-module-imports": {
      "version": "7.18.6",
      "resolved": "https://registry.npmjs.org/@babel/helper-module-imports/-/helper-module-imports-7.18.6.tgz",
      "integrity": "sha512-0NFvs3VkuSYbFi1x2Vd6tKrywq+z/cLeYC/RJNFrIX/30Bf5aiGYbtvGXolEktzJH8o5E5KJ3tT+nkxuuZFVlA==",